{
  "name": "node-orders",
  "version": "1.0.0",
  "lockfileVersion": 3,
  "requires": true,
  "packages": {
    "": {
      "name": "node-orders",
      "version": "1.0.0",
      "dependencies": {
        "@dagflows/sdk": "0.4.0"
      },
      "devDependencies": {
        "typescript": "^5.7.2"
      }
    },
    "node_modules/@dagflows/sdk": {
      "version": "0.4.0",
      "resolved": "https://registry.npmjs.org/@dagflows/sdk/-/sdk-0.4.0.tgz",
      "integrity": "sha512-Gn2jNXm8AxZ0WQrKP5A+sUs9UGke5J75HwffGRj1ARxvzOQ6E2ngAH7qd+yehIVEXkCiHMsm3AE4h1/9z/S3eg==",
      "license": "Apache-2.0",
      "bin": {
        "dagflows-sdk": "dist/cli.js"
      },
      "engines": {
        "node": ">=22.18.0"
      },
      "peerDependencies": {
        "typescript": ">=5.0"
      },
      "peerDependenciesMeta": {
        "typescript": {
          "optional": true
        }
      }
    },
    "node_modules/typescript": {
      "version": "5.9.3",
      "resolved": "https://registry.npmjs.org/typescript/-/typescript-5.9.3.tgz",
      "integrity": "sha512-jl1vZzPDinLr9eUt3J/t7V6FgNEw9QjvBPdysz9KfQDD41fQrC2Y4vKQdiaUpFT4bXlb1RHhLpp8wtm6M5TgSw==",
      "devOptional": true,
      "license": "Apache-2.0",
      "bin": {
        "tsc": "bin/tsc",
        "tsserver": "bin/tsserver"
      },
      "engines": {
        "node": ">=14.17"
      }
    }
  }
}
